# THIS IS AN AUTOGENERATED FILE. DO NOT EDIT THIS FILE DIRECTLY.
# yarn lockfile v1


"@types/node@^14.0.26":
  version "14.14.19"
  resolved "https://registry.yarnpkg.com/@types/node/-/node-14.14.19.tgz#5135176a8330b88ece4e9ab1fdcfc0a545b4bab4"
  integrity sha512-4nhBPStMK04rruRVtVc6cDqhu7S9GZai0fpXgPXrFpcPX6Xul8xnrjSdGB4KPBVYG/R5+fXWdCM8qBoiULWGPQ==

nats@^2.0.0-214:
  version "2.0.0-214"
  resolved "https://registry.yarnpkg.com/nats/-/nats-2.0.0-214.tgz#53c19f5eba5ed44807ee631f295904341aa9a5e5"
  integrity sha512-CcEYIF0HHpDx077ftB/O5MYi1nhkjkUz6zG+pqdPfSAT9ZjqAKWmIXLMH95z1OWZbKG4ETvSWE8dZtq5eBoPtg==
  dependencies:
    nkeys.js "^1.0.0-5"

nkeys.js@^1.0.0-5:
  version "1.0.0-8"
  resolved "https://registry.yarnpkg.com/nkeys.js/-/nkeys.js-1.0.0-8.tgz#09f9b0485170c308c33813b61c0ff25488d6e716"
  integrity sha512-2kX+I02YGE5Mvswxn9cpbFL2LBb7Pm1ixsxGGBL4LupJyfvOqCfcu0Eka5j8aJ6hvg0pGUKQz77Q0EJSRalgIg==
  dependencies:
    "@types/node" "^14.0.26"
    tweetnacl "^1.0.3"

tweetnacl@^1.0.3:
  version "1.0.3"
  resolved "https://registry.yarnpkg.com/tweetnacl/-/tweetnacl-1.0.3.tgz#ac0af71680458d8a6378d0d0d050ab1407d35596"
  integrity sha512-6rt+RN7aOi1nGMyC4Xa5DdYiukl2UWCbcJft7YhxReBGQD7OAM8Pbxw6YMo4r2diNEA8FEmu32YOn9rhaiE5yw==
