# THIS IS AN AUTOGENERATED FILE. DO NOT EDIT THIS FILE DIRECTLY.
# yarn lockfile v1


"@push-rpc/core@^1.7.1":
  version "1.7.1"
  resolved "https://registry.npmjs.org/@push-rpc/core/-/core-1.7.1.tgz#cc173464ce08118c9e91e1f6000e4515e4e46543"
  integrity sha512-BexfDCBhohl5zQcee3L2QiyARf75jI5R/F/z52meirgy2Po6OTTJp/BDNYjqFVqrFiOkxqzDYPwAKYm37FsKOg==
  dependencies:
    json-stringify-safe "^5.0.1"
    uuid-js "^0.7.5"

async-limiter@^1.0.0:
  version "1.0.1"
  resolved "https://registry.yarnpkg.com/async-limiter/-/async-limiter-1.0.1.tgz#dd379e94f0db8310b08291f9d64c3209766617fd"
  integrity sha512-csOlWGAcRFJaI6m+F2WKdnMKr4HhdhFVBk0H/QbJFMCr+uO2kwohwXQPxw/9OCxp05r5ghVBFSyioixx3gfkNQ==

json-stringify-safe@^5.0.1:
  version "5.0.1"
  resolved "https://repo.huaweicloud.com/repository/npm/json-stringify-safe/-/json-stringify-safe-5.0.1.tgz#1296a2d58fd45f19a0f6ce01d65701e2c735b6eb"
  integrity sha512-ZClg6AaYvamvYEE82d3Iyd3vSSIjQ+odgjaTzRuO3s7toCdFKczob2i0zCh7JE8kWn17yvAWhUVxvqGwUalsRA==

uuid-js@^0.7.5:
  version "0.7.5"
  resolved "https://repo.huaweicloud.com/repository/npm/uuid-js/-/uuid-js-0.7.5.tgz#6c886d02a53d2d40dcf25d91a170b4a7b25b94d0"
  integrity sha512-lJFducSMfVDO3E1wBe/zflgU25JbpX9KfF+g0k6OxIt9xeybdZd27n75vPg+4cLN55UKGjJ46w3K3q3l+8KgkQ==

ws@^7.2.0:
  version "7.2.0"
  resolved "https://registry.yarnpkg.com/ws/-/ws-7.2.0.tgz#422eda8c02a4b5dba7744ba66eebbd84bcef0ec7"
  integrity sha512-+SqNqFbwTm/0DC18KYzIsMTnEWpLwJsiasW/O17la4iDRRIO9uaHbvKiAS3AHgTiuuWerK/brj4O6MYZkei9xg==
  dependencies:
    async-limiter "^1.0.0"
