# THIS IS AN AUTOGENERATED FILE. DO NOT EDIT THIS FILE DIRECTLY.
# yarn lockfile v1


"@types/node@^14.0.26":
  version "14.14.20"
  resolved "https://registry.yarnpkg.com/@types/node/-/node-14.14.20.tgz#f7974863edd21d1f8a494a73e8e2b3658615c340"
  integrity sha512-Y93R97Ouif9JEOWPIUyU+eyIdyRqQR0I8Ez1dzku4hDx34NWh4HbtIc3WNzwB1Y9ULvNGeu5B8h8bVL5cAk4/A==

nats@^2.0.0-215:
  version "2.0.0-215"
  resolved "https://registry.yarnpkg.com/nats/-/nats-2.0.0-215.tgz#390b4e8703cfa482a48656c9cdae82a84ccc2403"
  integrity sha512-g5fht0jcTeX86Bfj+kUcWINYL2TOTjg4xsj3bLlrbWYuVqEx1CmgvqrQ9I6XjddtvUL2m9kjb6CD5PQPqw9THw==
  dependencies:
    nkeys.js "^1.0.0-5"

nkeys.js@^1.0.0-5:
  version "1.0.0-9"
  resolved "https://registry.yarnpkg.com/nkeys.js/-/nkeys.js-1.0.0-9.tgz#c804acb061a5c4a61e8667adbf15bfd2978285ad"
  integrity sha512-m9O0NQT+3rUe1om6MWpxV77EuHql/LdorDH+FYQkoeARcM2V0sQ89kM36fArWaHWq/25EmNmQUW0MhLTcbqW1A==
  dependencies:
    "@types/node" "^14.0.26"
    tweetnacl "^1.0.3"

tweetnacl@^1.0.3:
  version "1.0.3"
  resolved "https://registry.yarnpkg.com/tweetnacl/-/tweetnacl-1.0.3.tgz#ac0af71680458d8a6378d0d0d050ab1407d35596"
  integrity sha512-6rt+RN7aOi1nGMyC4Xa5DdYiukl2UWCbcJft7YhxReBGQD7OAM8Pbxw6YMo4r2diNEA8FEmu32YOn9rhaiE5yw==
